// !$*UTF8*$!
{
	archiveVersion = 1;
	classes = {
	};
	objectVersion = 46;
	objects = {

/* Begin PBXBuildFile section */
		85EE28BE1CE16CBB00FCAA8F /* main.m in Sources */ = {isa = PBXBuildFile; fileRef = 85EE28BD1CE16CBB00FCAA8F /* main.m */; };
		85EE28C11CE16CBB00FCAA8F /* AppDelegate.m in Sources */ = {isa = PBXBuildFile; fileRef = 85EE28C01CE16CBB00FCAA8F /* AppDelegate.m */; };
		85EE28C41CE16CBB00FCAA8F /* ViewController.m in Sources */ = {isa = PBXBuildFile; fileRef = 85EE28C31CE16CBB00FCAA8F /* ViewController.m */; };
		85EE28C71CE16CBB00FCAA8F /* Main.storyboard in Resources */ = {isa = PBXBuildFile; fileRef = 85EE28C51CE16CBB00FCAA8F /* Main.storyboard */; };
		85EE28C91CE16CBB00FCAA8F /* Assets.xcassets in Resources */ = {isa = PBXBuildFile; fileRef = 85EE28C81CE16CBB00FCAA8F /* Assets.xcassets */; };
		85EE28CC1CE16CBB00FCAA8F /* LaunchScreen.storyboard in Resources */ = {isa = PBXBuildFile; fileRef = 85EE28CA1CE16CBB00FCAA8F /* LaunchScreen.storyboard */; };
		85EE28DE1CE16FD800FCAA8F /* LoginAndRegister.storyboard in Resources */ = {isa = PBXBuildFile; fileRef = 85EE28DD1CE16FD800FCAA8F /* LoginAndRegister.storyboard */; };
/* End PBXBuildFile section */

/* Begin PBXFileReference section */
		85EE28B91CE16CBA00FCAA8F /* Runer.app */ = {isa = PBXFileReference; explicitFileType = wrapper.application; includeInIndex = 0; path = Runer.app; sourceTree = BUILT_PRODUCTS_DIR; };
		85EE28BD1CE16CBB00FCAA8F /* main.m */ = {isa = PBXFileReference; lastKnownFileType = sourcecode.c.objc; path = main.m; sourceTree = "<group>"; };
		85EE28BF1CE16CBB00FCAA8F /* AppDelegate.h */ = {isa = PBXFileReference; lastKnownFileType = sourcecode.c.h; name = AppDelegate.h; path = ../../AppDelegate.h; sourceTree = "<group>"; };
		85EE28C01CE16CBB00FCAA8F /* AppDelegate.m */ = {isa = PBXFileReference; lastKnownFileType = sourcecode.c.objc; name = AppDelegate.m; path = ../../AppDelegate.m; sourceTree = "<group>"; };
		85EE28C21CE16CBB00FCAA8F /* ViewController.h */ = {isa = PBXFileReference; lastKnownFileType = sourcecode.c.h; name = ViewController.h; path = ../../ViewController.h; sourceTree = "<group>"; };
		85EE28C31CE16CBB00FCAA8F /* ViewController.m */ = {isa = PBXFileReference; lastKnownFileType = sourcecode.c.objc; name = ViewController.m; path = ../../ViewController.m; sourceTree = "<group>"; };
		85EE28C61CE16CBB00FCAA8F /* Base */ = {isa = PBXFileReference; lastKnownFileType = file.storyboard; name = Base; path = Base.lproj/Main.storyboard; sourceTree = "<group>"; };
		85EE28C81CE16CBB00FCAA8F /* Assets.xcassets */ = {isa = PBXFileReference; lastKnownFileType = folder.assetcatalog; path = Assets.xcassets; sourceTree = "<group>"; };
		85EE28CB1CE16CBB00FCAA8F /* Base */ = {isa = PBXFileReference; lastKnownFileType = file.storyboard; name = Base; path = Base.lproj/LaunchScreen.storyboard; sourceTree = "<group>"; };
		85EE28CD1CE16CBB00FCAA8F /* Info.plist */ = {isa = PBXFileReference; lastKnownFileType = text.plist.xml; path = Info.plist; sourceTree = "<group>"; };
		85EE28DD1CE16FD800FCAA8F /* LoginAndRegister.storyboard */ = {isa = PBXFileReference; fileEncoding = 4; lastKnownFileType = file.storyboard; path = LoginAndRegister.storyboard; sourceTree = "<group>"; };
/* End PBXFileReference section */

/* Begin PBXFrameworksBuildPhase section */
		85EE28B61CE16CBA00FCAA8F /* Frameworks */ = {
			isa = PBXFrameworksBuildPhase;
			buildActionMask = 2147483647;
			files = (
			);
			runOnlyForDeploymentPostprocessing = 0;
		};
/* End PBXFrameworksBuildPhase section */

/* Begin PBXGroup section */
		85EE28B01CE16CBA00FCAA8F = {
			isa = PBXGroup;
			children = (
				85EE28BB1CE16CBB00FCAA8F /* Runer */,
				85EE28BA1CE16CBA00FCAA8F /* Products */,
			);
			sourceTree = "<group>";
		};
		85EE28BA1CE16CBA00FCAA8F /* Products */ = {
			isa = PBXGroup;
			children = (
				85EE28B91CE16CBA00FCAA8F /* Runer.app */,
			);
			name = Products;
			sourceTree = "<group>";
		};
		85EE28BB1CE16CBB00FCAA8F /* Runer */ = {
			isa = PBXGroup;
			children = (
				85EE28D31CE16EE400FCAA8F /* Classes */,
				85EE28C81CE16CBB00FCAA8F /* Assets.xcassets */,
				85EE28CA1CE16CBB00FCAA8F /* LaunchScreen.storyboard */,
				85EE28CD1CE16CBB00FCAA8F /* Info.plist */,
				85EE28BC1CE16CBB00FCAA8F /* Supporting Files */,
			);
			path = Runer;
			sourceTree = "<group>";
		};
		85EE28BC1CE16CBB00FCAA8F /* Supporting Files */ = {
			isa = PBXGroup;
			children = (
				85EE28BD1CE16CBB00FCAA8F /* main.m */,
			);
			name = "Supporting Files";
			sourceTree = "<group>";
		};
		85EE28D31CE16EE400FCAA8F /* Classes */ = {
			isa = PBXGroup;
			children = (
				85EE28DC1CE16F3600FCAA8F /* Other */,
				85EE28D41CE16EE400FCAA8F /* Category */,
				85EE28D51CE16EE400FCAA8F /* Lib */,
				85EE28D61CE16EE400FCAA8F /* LoginAndRegister */,
				85EE28DA1CE16EE400FCAA8F /* Main */,
				85EE28DB1CE16EE400FCAA8F /* Tool */,
			);
			path = Classes;
			sourceTree = "<group>";
		};
		85EE28D41CE16EE400FCAA8F /* Category */ = {
			isa = PBXGroup;
			children = (
			);
			path = Category;
			sourceTree = "<group>";
		};
		85EE28D51CE16EE400FCAA8F /* Lib */ = {
			isa = PBXGroup;
			children = (
			);
			path = Lib;
			sourceTree = "<group>";
		};
		85EE28D61CE16EE400FCAA8F /* LoginAndRegister */ = {
			isa = PBXGroup;
			children = (
				85EE28D71CE16EE400FCAA8F /* Model */,
				85EE28D81CE16EE400FCAA8F /* Tool */,
				85EE28D91CE16EE400FCAA8F /* View */,
			);
			path = LoginAndRegister;
			sourceTree = "<group>";
		};
		85EE28D71CE16EE400FCAA8F /* Model */ = {
			isa = PBXGroup;
			children = (
			);
			path = Model;
			sourceTree = "<group>";
		};
		85EE28D81CE16EE400FCAA8F /* Tool */ = {
			isa = PBXGroup;
			children = (
			);
			path = Tool;
			sourceTree = "<group>";
		};
		85EE28D91CE16EE400FCAA8F /* View */ = {
			isa = PBXGroup;
			children = (
			);
			path = View;
			sourceTree = "<group>";
		};
		85EE28DA1CE16EE400FCAA8F /* Main */ = {
			isa = PBXGroup;
			children = (
				85EE28C51CE16CBB00FCAA8F /* Main.storyboard */,
				85EE28C21CE16CBB00FCAA8F /* ViewController.h */,
				85EE28C31CE16CBB00FCAA8F /* ViewController.m */,
				85EE28DD1CE16FD800FCAA8F /* LoginAndRegister.storyboard */,
			);
			path = Main;
			sourceTree = "<group>";
		};
		85EE28DB1CE16EE400FCAA8F /* Tool */ = {
			isa = PBXGroup;
			children = (
			);
			path = Tool;
			sourceTree = "<group>";
		};
		85EE28DC1CE16F3600FCAA8F /* Other */ = {
			isa = PBXGroup;
			children = (
				85EE28BF1CE16CBB00FCAA8F /* AppDelegate.h */,
				85EE28C01CE16CBB00FCAA8F /* AppDelegate.m */,
			);
			path = Other;
			sourceTree = "<group>";
		};
/* End PBXGroup section */

/* Begin PBXNativeTarget section */
		85EE28B81CE16CBA00FCAA8F /* Runer */ = {
			isa = PBXNativeTarget;
			buildConfigurationList = 85EE28D01CE16CBB00FCAA8F /* Build configuration list for PBXNativeTarget "Runer" */;
			buildPhases = (
				85EE28B51CE16CBA00FCAA8F /* Sources */,
				85EE28B61CE16CBA00FCAA8F /* Frameworks */,
				85EE28B71CE16CBA00FCAA8F /* Resources */,
			);
			buildRules = (
			);
			dependencies = (
			);
			name = Runer;
			productName = Runer;
			productReference = 85EE28B91CE16CBA00FCAA8F /* Runer.app */;
			productType = "com.apple.product-type.application";
		};
/* End PBXNativeTarget section */

/* Begin PBXProject section */
		85EE28B11CE16CBA00FCAA8F /* Project object */ = {
			isa = PBXProject;
			attributes = {
				LastUpgradeCheck = 0710;
				ORGANIZATIONNAME = Fu_sion;
				TargetAttributes = {
					85EE28B81CE16CBA00FCAA8F = {
						CreatedOnToolsVersion = 7.1;
						DevelopmentTeam = BF8D62N889;
					};
				};
			};
			buildConfigurationList = 85EE28B41CE16CBA00FCAA8F /* Build configuration list for PBXProject "Runer" */;
			compatibilityVersion = "Xcode 3.2";
			developmentRegion = English;
			hasScannedForEncodings = 0;
			knownRegions = (
				en,
				Base,
			);
			mainGroup = 85EE28B01CE16CBA00FCAA8F;
			productRefGroup = 85EE28BA1CE16CBA00FCAA8F /* Products */;
			projectDirPath = "";
			projectRoot = "";
			targets = (
				85EE28B81CE16CBA00FCAA8F /* Runer */,
			);
		};
/* End PBXProject section */

/* Begin PBXResourcesBuildPhase section */
		85EE28B71CE16CBA00FCAA8F /* Resources */ = {
			isa = PBXResourcesBuildPhase;
			buildActionMask = 2147483647;
			files = (
				85EE28CC1CE16CBB00FCAA8F /* LaunchScreen.storyboard in Resources */,
				85EE28C91CE16CBB00FCAA8F /* Assets.xcassets in Resources */,
				85EE28C71CE16CBB00FCAA8F /* Main.storyboard in Resources */,
				85EE28DE1CE16FD800FCAA8F /* LoginAndRegister.storyboard in Resources */,
			);
			runOnlyForDeploymentPostprocessing = 0;
		};
/* End PBXResourcesBuildPhase section */

/* Begin PBXSourcesBuildPhase section */
		85EE28B51CE16CBA00FCAA8F /* Sources */ = {
			isa = PBXSourcesBuildPhase;
			buildActionMask = 2147483647;
			files = (
				85EE28C41CE16CBB00FCAA8F /* ViewController.m in Sources */,
				85EE28C11CE16CBB00FCAA8F /* AppDelegate.m in Sources */,
				85EE28BE1CE16CBB00FCAA8F /* main.m in Sources */,
			);
			runOnlyForDeploymentPostprocessing = 0;
		};
/* End PBXSourcesBuildPhase section */

/* Begin PBXVariantGroup section */
		85EE28C51CE16CBB00FCAA8F /* Main.storyboard */ = {
			isa = PBXVariantGroup;
			children = (
				85EE28C61CE16CBB00FCAA8F /* Base */,
			);
			name = Main.storyboard;
			path = ../..;
			sourceTree = "<group>";
		};
		85EE28CA1CE16CBB00FCAA8F /* LaunchScreen.storyboard */ = {
			isa = PBXVariantGroup;
			children = (
				85EE28CB1CE16CBB00FCAA8F /* Base */,
			);
			name = LaunchScreen.storyboard;
			sourceTree = "<group>";
		};
/* End PBXVariantGroup section */

/* Begin XCBuildConfiguration section */
		85EE28CE1CE16CBB00FCAA8F /* Debug */ = {
			isa = XCBuildConfiguration;
			buildSettings = {
				ALWAYS_SEARCH_USER_PATHS = NO;
				CLANG_CXX_LANGUAGE_STANDARD = "gnu++0x";
				CLANG_CXX_LIBRARY = "libc++";
				CLANG_ENABLE_MODULES = YES;
				CLANG_ENABLE_OBJC_ARC = YES;
				CLANG_WARN_BOOL_CONVERSION = YES;
				CLANG_WARN_CONSTANT_CONVERSION = YES;
				CLANG_WARN_DIRECT_OBJC_ISA_USAGE = YES_ERROR;
				CLANG_WARN_EMPTY_BODY = YES;
				CLANG_WARN_ENUM_CONVERSION = YES;
				CLANG_WARN_INT_CONVERSION = YES;
				CLANG_WARN_OBJC_ROOT_CLASS = YES_ERROR;
				CLANG_WARN_UNREACHABLE_CODE = YES;
				CLANG_WARN__DUPLICATE_METHOD_MATCH = YES;
				"CODE_SIGN_IDENTITY[sdk=iphoneos*]" = "iPhone Developer";
				COPY_PHASE_STRIP = NO;
				DEBUG_INFORMATION_FORMAT = dwarf;
				ENABLE_STRICT_OBJC_MSGSEND = YES;
				ENABLE_TESTABILITY = YES;
				GCC_C_LANGUAGE_STANDARD = gnu99;
				GCC_DYNAMIC_NO_PIC = NO;
				GCC_NO_COMMON_BLOCKS = YES;
				GCC_OPTIMIZATION_LEVEL = 0;
				GCC_PREPROCESSOR_DEFINITIONS = (
					"DEBUG=1",
					"$(inherited)",
				);
				GCC_WARN_64_TO_32_BIT_CONVERSION = YES;
				GCC_WARN_ABOUT_RETURN_TYPE = YES_ERROR;
				GCC_WARN_UNDECLARED_SELECTOR = YES;
				GCC_WARN_UNINITIALIZED_AUTOS = YES_AGGRESSIVE;
				GCC_WARN_UNUSED_FUNCTION = YES;
				GCC_WARN_UNUSED_VARIABLE = YES;
				IPHONEOS_DEPLOYMENT_TARGET = 9.1;
				MTL_ENABLE_DEBUG_INFO = YES;
				ONLY_ACTIVE_ARCH = YES;
				SDKROOT = iphoneos;
			};
			name = Debug;
		};
		85EE28CF1CE16CBB00FCAA8F /* Release */ = {
			isa = XCBuildConfiguration;
			buildSettings = {
				ALWAYS_SEARCH_USER_PATHS = NO;
				CLANG_CXX_LANGUAGE_STANDARD = "gnu++0x";
				CLANG_CXX_LIBRARY = "libc++";
				CLANG_ENABLE_MODULES = YES;
				CLANG_ENABLE_OBJC_ARC = YES;
				CLANG_WARN_BOOL_CONVERSION = YES;
				CLANG_WARN_CONSTANT_CONVERSION = YES;
				CLANG_WARN_DIRECT_OBJC_ISA_USAGE = YES_ERROR;
				CLANG_WARN_EMPTY_BODY = YES;
				CLANG_WARN_ENUM_CONVERSION = YES;
				CLANG_WARN_INT_CONVERSION = YES;
				CLANG_WARN_OBJC_ROOT_CLASS = YES_ERROR;
				CLANG_WARN_UNREACHABLE_CODE = YES;
				CLANG_WARN__DUPLICATE_METHOD_MATCH = YES;
				"CODE_SIGN_IDENTITY[sdk=iphoneos*]" = "iPhone Developer";
				COPY_PHASE_STRIP = NO;
				DEBUG_INFORMATION_FORMAT = "dwarf-with-dsym";
				ENABLE_NS_ASSERTIONS = NO;
				ENABLE_STRICT_OBJC_MSGSEND = YES;
				GCC_C_LANGUAGE_STANDARD = gnu99;
				GCC_NO_COMMON_BLOCKS = YES;
				GCC_WARN_64_TO_32_BIT_CONVERSION = YES;
				GCC_WARN_ABOUT_RETURN_TYPE = YES_ERROR;
				GCC_WARN_UNDECLARED_SELECTOR = YES;
				GCC_WARN_UNINITIALIZED_AUTOS = YES_AGGRESSIVE;
				GCC_WARN_UNUSED_FUNCTION = YES;
				GCC_WARN_UNUSED_VARIABLE = YES;
				IPHONEOS_DEPLOYMENT_TARGET = 9.1;
				MTL_ENABLE_DEBUG_INFO = NO;
				SDKROOT = iphoneos;
				VALIDATE_PRODUCT = YES;
			};
			name = Release;
		};
		85EE28D11CE16CBB00FCAA8F /* Debug */ = {
			isa = XCBuildConfiguration;
			buildSettings = {
				ASSETCATALOG_COMPILER_APPICON_NAME = AppIcon;
				INFOPLIST_FILE = Runer/Info.plist;
				LD_RUNPATH_SEARCH_PATHS = "$(inherited) @executable_path/Frameworks";
				PRODUCT_BUNDLE_IDENTIFIER = com.fdson.Runer;
				PRODUCT_NAME = "$(TARGET_NAME)";
			};
			name = Debug;
		};
		85EE28D21CE16CBB00FCAA8F /* Release */ = {
			isa = XCBuildConfiguration;
			buildSettings = {
				ASSETCATALOG_COMPILER_APPICON_NAME = AppIcon;
				INFOPLIST_FILE = Runer/Info.plist;
				LD_RUNPATH_SEARCH_PATHS = "$(inherited) @executable_path/Frameworks";
				PRODUCT_BUNDLE_IDENTIFIER = com.fdson.Runer;
				PRODUCT_NAME = "$(TARGET_NAME)";
			};
			name = Release;
		};
/* End XCBuildConfiguration section */

/* Begin XCConfigurationList section */
		85EE28B41CE16CBA00FCAA8F /* Build configuration list for PBXProject "Runer" */ = {
			isa = XCConfigurationList;
			buildConfigurations = (
				85EE28CE1CE16CBB00FCAA8F /* Debug */,
				85EE28CF1CE16CBB00FCAA8F /* Release */,
			);
			defaultConfigurationIsVisible = 0;
			defaultConfigurationName = Release;
		};
		85EE28D01CE16CBB00FCAA8F /* Build configuration list for PBXNativeTarget "Runer" */ = {
			isa = XCConfigurationList;
			buildConfigurations = (
				85EE28D11CE16CBB00FCAA8F /* Debug */,
				85EE28D21CE16CBB00FCAA8F /* Release */,
			);
			defaultConfigurationIsVisible = 0;
			defaultConfigurationName = Release;
		};
/* End XCConfigurationList section */
	};
	rootObject = 85EE28B11CE16CBA00FCAA8F /* Project object */;
}
